hash: b63a34409059c868015c33e7cb3d7b5674904f098ee94e17422c5b5446dcd539
updated: 2016-08-29T00:09:31.644513876+02:00
imports:
- name: github.com/bborbe/http
  version: 610817d35e311dab1adfecb8b048aa019736a58e
  subpackages:
  - client_builder
  - requestbuilder
- name: github.com/bborbe/stringutil
  version: 44bc4d4b32be80f9b400932dc5a36c48b77e3fd7
- name: github.com/bborbe/version
  version: ccb72879935917e0cf2001f96f4a00c6e0d23061
- name: github.com/golang/glog
  version: 23def4e6c14b4da8ac2ed8007337bc5eb5007998
testImports:
- name: github.com/bborbe/assert
  version: 639eac9a24e3c01472758f3c79452b8517bc29f6
