hash: 4721c7f4bfad07239f1a82b66a36eb3d975d415a4d1705ed26d377e90155355b
updated: 2016-08-25T20:04:30.695346145+02:00
imports:
- name: github.com/bborbe/http
  version: 1a08a16fd2cc75228b32afadd7126f7372cb4780
  subpackages:
  - client_builder
  - requestbuilder
- name: github.com/bborbe/io
  version: a92503d8d6377ff0e8b24ad2007cc83546a50817
  subpackages:
  - buffered_writer
- name: github.com/bborbe/log
  version: 0250bb5b2e2bd833cb9a47333c28aa46751cdbfe
- name: github.com/bborbe/stringutil
  version: 5ae6d72aff93cfd7d58529b8482666f2cd462da1
- name: github.com/bborbe/version
  version: 6c1b5e557494332c07372cdcbd2f62a93b1f8142
testImports:
- name: github.com/bborbe/assert
  version: f767bd2fffab5a86d5a887e2415d399e8aade8bf
