# This file is autogenerated, do not edit; changes may be undone by the next 'dep ensure'.


[[projects]]
  branch = "master"
  name = "github.com/bborbe/assert"
  packages = ["."]
  revision = "ab840eecbae389bab6d11872115ade11e687f88c"

[[projects]]
  branch = "master"
  name = "github.com/bborbe/http"
  packages = [
    "client_builder",
    "requestbuilder"
  ]
  revision = "b783a5e87f98911552ef543db3624f3ce52d79c1"

[[projects]]
  branch = "master"
  name = "github.com/bborbe/io"
  packages = ["util"]
  revision = "8c22cf733cf166b247318b0786eec0c7cad9208a"

[[projects]]
  branch = "master"
  name = "github.com/bborbe/stringutil"
  packages = ["."]
  revision = "5bad1563d440e94f52a86cc502606af8233b587b"

[[projects]]
  branch = "master"
  name = "github.com/bborbe/version"
  packages = ["."]
  revision = "4d4af884ebfcce33a6c5243666a10e69de2b0427"

[[projects]]
  branch = "master"
  name = "github.com/golang/glog"
  packages = ["."]
  revision = "23def4e6c14b4da8ac2ed8007337bc5eb5007998"

[solve-meta]
  analyzer-name = "dep"
  analyzer-version = 1
  inputs-digest = "ff5c25edc27eb7cfda8c72843e2abb65583e9e76797044b761f5494baeef7a3a"
  solver-name = "gps-cdcl"
  solver-version = 1
